// !$*UTF8*$!
{
	archiveVersion = 1;
	classes = {
	};
	objectVersion = 46;
	objects = {

/* Begin PBXBuildFile section */
		222BB61114E92DCF0094998E /* UIKit.framework in Frameworks */ = {isa = PBXBuildFile; fileRef = 222BB61014E92DCF0094998E /* UIKit.framework */; };
		222BB61314E92DCF0094998E /* Foundation.framework in Frameworks */ = {isa = PBXBuildFile; fileRef = 222BB61214E92DCF0094998E /* Foundation.framework */; };
		222BB61514E92DCF0094998E /* CoreGraphics.framework in Frameworks */ = {isa = PBXBuildFile; fileRef = 222BB61414E92DCF0094998E /* CoreGraphics.framework */; };
		222BB61B14E92DCF0094998E /* InfoPlist.strings in Resources */ = {isa = PBXBuildFile; fileRef = 222BB61914E92DCF0094998E /* InfoPlist.strings */; };
		222BB61D14E92DCF0094998E /* main.m in Sources */ = {isa = PBXBuildFile; fileRef = 222BB61C14E92DCF0094998E /* main.m */; };
		222BB62114E92DCF0094998E /* TwitterSearchAppDelegate.m in Sources */ = {isa = PBXBuildFile; fileRef = 222BB62014E92DCF0094998E /* TwitterSearchAppDelegate.m */; };
		222BB62414E92DCF0094998E /* TwitterSearchViewController.m in Sources */ = {isa = PBXBuildFile; fileRef = 222BB62314E92DCF0094998E /* TwitterSearchViewController.m */; };
		222BB62714E92DCF0094998E /* TwitterSearchViewController.xib in Resources */ = {isa = PBXBuildFile; fileRef = 222BB62514E92DCF0094998E /* TwitterSearchViewController.xib */; };
/* End PBXBuildFile section */

/* Begin PBXFileReference section */
		222BB60C14E92DCF0094998E /* TwitterSearch.app */ = {isa = PBXFileReference; explicitFileType = wrapper.application; includeInIndex = 0; path = TwitterSearch.app; sourceTree = BUILT_PRODUCTS_DIR; };
		222BB61014E92DCF0094998E /* UIKit.framework */ = {isa = PBXFileReference; lastKnownFileType = wrapper.framework; name = UIKit.framework; path = System/Library/Frameworks/UIKit.framework; sourceTree = SDKROOT; };
		222BB61214E92DCF0094998E /* Foundation.framework */ = {isa = PBXFileReference; lastKnownFileType = wrapper.framework; name = Foundation.framework; path = System/Library/Frameworks/Foundation.framework; sourceTree = SDKROOT; };
		222BB61414E92DCF0094998E /* CoreGraphics.framework */ = {isa = PBXFileReference; lastKnownFileType = wrapper.framework; name = CoreGraphics.framework; path = System/Library/Frameworks/CoreGraphics.framework; sourceTree = SDKROOT; };
		222BB61814E92DCF0094998E /* TwitterSearch-Info.plist */ = {isa = PBXFileReference; lastKnownFileType = text.plist.xml; path = "TwitterSearch-Info.plist"; sourceTree = "<group>"; };
		222BB61A14E92DCF0094998E /* en */ = {isa = PBXFileReference; lastKnownFileType = text.plist.strings; name = en; path = en.lproj/InfoPlist.strings; sourceTree = "<group>"; };
		222BB61C14E92DCF0094998E /* main.m */ = {isa = PBXFileReference; lastKnownFileType = sourcecode.c.objc; path = main.m; sourceTree = "<group>"; };
		222BB61E14E92DCF0094998E /* TwitterSearch-Prefix.pch */ = {isa = PBXFileReference; lastKnownFileType = sourcecode.c.h; path = "TwitterSearch-Prefix.pch"; sourceTree = "<group>"; };
		222BB61F14E92DCF0094998E /* TwitterSearchAppDelegate.h */ = {isa = PBXFileReference; lastKnownFileType = sourcecode.c.h; path = TwitterSearchAppDelegate.h; sourceTree = "<group>"; };
		222BB62014E92DCF0094998E /* TwitterSearchAppDelegate.m */ = {isa = PBXFileReference; lastKnownFileType = sourcecode.c.objc; path = TwitterSearchAppDelegate.m; sourceTree = "<group>"; };
		222BB62214E92DCF0094998E /* TwitterSearchViewController.h */ = {isa = PBXFileReference; lastKnownFileType = sourcecode.c.h; path = TwitterSearchViewController.h; sourceTree = "<group>"; };
		222BB62314E92DCF0094998E /* TwitterSearchViewController.m */ = {isa = PBXFileReference; lastKnownFileType = sourcecode.c.objc; path = TwitterSearchViewController.m; sourceTree = "<group>"; };
		222BB62614E92DCF0094998E /* en */ = {isa = PBXFileReference; lastKnownFileType = file.xib; name = en; path = en.lproj/TwitterSearchViewController.xib; sourceTree = "<group>"; };
/* End PBXFileReference section */

/* Begin PBXFrameworksBuildPhase section */
		222BB60914E92DCF0094998E /* Frameworks */ = {
			isa = PBXFrameworksBuildPhase;
			buildActionMask = 2147483647;
			files = (
				222BB61114E92DCF0094998E /* UIKit.framework in Frameworks */,
				222BB61314E92DCF0094998E /* Foundation.framework in Frameworks */,
				222BB61514E92DCF0094998E /* CoreGraphics.framework in Frameworks */,
			);
			runOnlyForDeploymentPostprocessing = 0;
		};
/* End PBXFrameworksBuildPhase section */

/* Begin PBXGroup section */
		222BB60114E92DCF0094998E = {
			isa = PBXGroup;
			children = (
				222BB61614E92DCF0094998E /* TwitterSearch */,
				222BB60F14E92DCF0094998E /* Frameworks */,
				222BB60D14E92DCF0094998E /* Products */,
			);
			sourceTree = "<group>";
		};
		222BB60D14E92DCF0094998E /* Products */ = {
			isa = PBXGroup;
			children = (
				222BB60C14E92DCF0094998E /* TwitterSearch.app */,
			);
			name = Products;
			sourceTree = "<group>";
		};
		222BB60F14E92DCF0094998E /* Frameworks */ = {
			isa = PBXGroup;
			children = (
				222BB61014E92DCF0094998E /* UIKit.framework */,
				222BB61214E92DCF0094998E /* Foundation.framework */,
				222BB61414E92DCF0094998E /* CoreGraphics.framework */,
			);
			name = Frameworks;
			sourceTree = "<group>";
		};
		222BB61614E92DCF0094998E /* TwitterSearch */ = {
			isa = PBXGroup;
			children = (
				222BB61F14E92DCF0094998E /* TwitterSearchAppDelegate.h */,
				222BB62014E92DCF0094998E /* TwitterSearchAppDelegate.m */,
				222BB62214E92DCF0094998E /* TwitterSearchViewController.h */,
				222BB62314E92DCF0094998E /* TwitterSearchViewController.m */,
				222BB62514E92DCF0094998E /* TwitterSearchViewController.xib */,
				222BB61714E92DCF0094998E /* Supporting Files */,
			);
			path = TwitterSearch;
			sourceTree = "<group>";
		};
		222BB61714E92DCF0094998E /* Supporting Files */ = {
			isa = PBXGroup;
			children = (
				222BB61814E92DCF0094998E /* TwitterSearch-Info.plist */,
				222BB61914E92DCF0094998E /* InfoPlist.strings */,
				222BB61C14E92DCF0094998E /* main.m */,
				222BB61E14E92DCF0094998E /* TwitterSearch-Prefix.pch */,
			);
			name = "Supporting Files";
			sourceTree = "<group>";
		};
/* End PBXGroup section */

/* Begin PBXNativeTarget section */
		222BB60B14E92DCF0094998E /* TwitterSearch */ = {
			isa = PBXNativeTarget;
			buildConfigurationList = 222BB62A14E92DCF0094998E /* Build configuration list for PBXNativeTarget "TwitterSearch" */;
			buildPhases = (
				222BB60814E92DCF0094998E /* Sources */,
				222BB60914E92DCF0094998E /* Frameworks */,
				222BB60A14E92DCF0094998E /* Resources */,
			);
			buildRules = (
			);
			dependencies = (
			);
			name = TwitterSearch;
			productName = TwitterSearch;
			productReference = 222BB60C14E92DCF0094998E /* TwitterSearch.app */;
			productType = "com.apple.product-type.application";
		};
/* End PBXNativeTarget section */

/* Begin PBXProject section */
		222BB60314E92DCF0094998E /* Project object */ = {
			isa = PBXProject;
			attributes = {
				LastUpgradeCheck = 0420;
			};
			buildConfigurationList = 222BB60614E92DCF0094998E /* Build configuration list for PBXProject "TwitterSearch" */;
			compatibilityVersion = "Xcode 3.2";
			developmentRegion = English;
			hasScannedForEncodings = 0;
			knownRegions = (
				en,
			);
			mainGroup = 222BB60114E92DCF0094998E;
			productRefGroup = 222BB60D14E92DCF0094998E /* Products */;
			projectDirPath = "";
			projectRoot = "";
			targets = (
				222BB60B14E92DCF0094998E /* TwitterSearch */,
			);
		};
/* End PBXProject section */

/* Begin PBXResourcesBuildPhase section */
		222BB60A14E92DCF0094998E /* Resources */ = {
			isa = PBXResourcesBuildPhase;
			buildActionMask = 2147483647;
			files = (
				222BB61B14E92DCF0094998E /* InfoPlist.strings in Resources */,
				222BB62714E92DCF0094998E /* TwitterSearchViewController.xib in Resources */,
			);
			runOnlyForDeploymentPostprocessing = 0;
		};
/* End PBXResourcesBuildPhase section */

/* Begin PBXSourcesBuildPhase section */
		222BB60814E92DCF0094998E /* Sources */ = {
			isa = PBXSourcesBuildPhase;
			buildActionMask = 2147483647;
			files = (
				222BB61D14E92DCF0094998E /* main.m in Sources */,
				222BB62114E92DCF0094998E /* TwitterSearchAppDelegate.m in Sources */,
				222BB62414E92DCF0094998E /* TwitterSearchViewController.m in Sources */,
			);
			runOnlyForDeploymentPostprocessing = 0;
		};
/* End PBXSourcesBuildPhase section */

/* Begin PBXVariantGroup section */
		222BB61914E92DCF0094998E /* InfoPlist.strings */ = {
			isa = PBXVariantGroup;
			children = (
				222BB61A14E92DCF0094998E /* en */,
			);
			name = InfoPlist.strings;
			sourceTree = "<group>";
		};
		222BB62514E92DCF0094998E /* TwitterSearchViewController.xib */ = {
			isa = PBXVariantGroup;
			children = (
				222BB62614E92DCF0094998E /* en */,
			);
			name = TwitterSearchViewController.xib;
			sourceTree = "<group>";
		};
/* End PBXVariantGroup section */

/* Begin XCBuildConfiguration section */
		222BB62814E92DCF0094998E /* Debug */ = {
			isa = XCBuildConfiguration;
			buildSettings = {
				ALWAYS_SEARCH_USER_PATHS = NO;
				ARCHS = "$(ARCHS_STANDARD_32_BIT)";
				CLANG_ENABLE_OBJC_ARC = YES;
				"CODE_SIGN_IDENTITY[sdk=iphoneos*]" = "iPhone Developer";
				COPY_PHASE_STRIP = NO;
				GCC_C_LANGUAGE_STANDARD = gnu99;
				GCC_DYNAMIC_NO_PIC = NO;
				GCC_OPTIMIZATION_LEVEL = 0;
				GCC_PREPROCESSOR_DEFINITIONS = (
					"DEBUG=1",
					"$(inherited)",
				);
				GCC_SYMBOLS_PRIVATE_EXTERN = NO;
				GCC_VERSION = com.apple.compilers.llvm.clang.1_0;
				GCC_WARN_ABOUT_MISSING_PROTOTYPES = YES;
				GCC_WARN_ABOUT_RETURN_TYPE = YES;
				GCC_WARN_UNUSED_VARIABLE = YES;
				IPHONEOS_DEPLOYMENT_TARGET = 5.0;
				SDKROOT = iphoneos;
			};
			name = Debug;
		};
		222BB62914E92DCF0094998E /* Release */ = {
			isa = XCBuildConfiguration;
			buildSettings = {
				ALWAYS_SEARCH_USER_PATHS = NO;
				ARCHS = "$(ARCHS_STANDARD_32_BIT)";
				CLANG_ENABLE_OBJC_ARC = YES;
				"CODE_SIGN_IDENTITY[sdk=iphoneos*]" = "iPhone Developer";
				COPY_PHASE_STRIP = YES;
				GCC_C_LANGUAGE_STANDARD = gnu99;
				GCC_VERSION = com.apple.compilers.llvm.clang.1_0;
				GCC_WARN_ABOUT_MISSING_PROTOTYPES = YES;
				GCC_WARN_ABOUT_RETURN_TYPE = YES;
				GCC_WARN_UNUSED_VARIABLE = YES;
				IPHONEOS_DEPLOYMENT_TARGET = 5.0;
				OTHER_CFLAGS = "-DNS_BLOCK_ASSERTIONS=1";
				SDKROOT = iphoneos;
				VALIDATE_PRODUCT = YES;
			};
			name = Release;
		};
		222BB62B14E92DCF0094998E /* Debug */ = {
			isa = XCBuildConfiguration;
			buildSettings = {
				GCC_PRECOMPILE_PREFIX_HEADER = YES;
				GCC_PREFIX_HEADER = "TwitterSearch/TwitterSearch-Prefix.pch";
				INFOPLIST_FILE = "TwitterSearch/TwitterSearch-Info.plist";
				PRODUCT_NAME = "$(TARGET_NAME)";
				WRAPPER_EXTENSION = app;
			};
			name = Debug;
		};
		222BB62C14E92DCF0094998E /* Release */ = {
			isa = XCBuildConfiguration;
			buildSettings = {
				GCC_PRECOMPILE_PREFIX_HEADER = YES;
				GCC_PREFIX_HEADER = "TwitterSearch/TwitterSearch-Prefix.pch";
				INFOPLIST_FILE = "TwitterSearch/TwitterSearch-Info.plist";
				PRODUCT_NAME = "$(TARGET_NAME)";
				WRAPPER_EXTENSION = app;
			};
			name = Release;
		};
/* End XCBuildConfiguration section */

/* Begin XCConfigurationList section */
		222BB60614E92DCF0094998E /* Build configuration list for PBXProject "TwitterSearch" */ = {
			isa = XCConfigurationList;
			buildConfigurations = (
				222BB62814E92DCF0094998E /* Debug */,
				222BB62914E92DCF0094998E /* Release */,
			);
			defaultConfigurationIsVisible = 0;
			defaultConfigurationName = Release;
		};
		222BB62A14E92DCF0094998E /* Build configuration list for PBXNativeTarget "TwitterSearch" */ = {
			isa = XCConfigurationList;
			buildConfigurations = (
				222BB62B14E92DCF0094998E /* Debug */,
				222BB62C14E92DCF0094998E /* Release */,
			);
			defaultConfigurationIsVisible = 0;
		};
/* End XCConfigurationList section */
	};
	rootObject = 222BB60314E92DCF0094998E /* Project object */;
}
